<Solution>
  <Folder Name="/ソリューション項目/">
    <File Path=".editorconfig" />
    <File Path="Directory.Build.props" />
    <File Path="stylecop.json" />
  </Folder>
  <Project Path="BackupSqlDatabase/BackupSqlDatabase.csproj" />
  <Project Path="RestoreSqlDatabase/RestoreSqlDatabase.csproj" />
  <Project Path="SqlDatabaseToolkit/SqlDatabaseToolkit.csproj" />
</Solution>
